Microsoft Visual Studio Solution File, Format Version 12.00
# Visual Studio Version 16
VisualStudioVersion = 16.0.31624.102
MinimumVisualStudioVersion = 10.0.40219.1
Project("{9A19103F-16F7-4668-BE54-9A1E7A4F7556}") = "ZmanimTest", "ZmanimTest\ZmanimTest.csproj", "{3840FFED-D11D-4DB9-A584-6AEA852947E1}"
EndProject
Project("{FAE04EC0-301F-11D3-BF4B-00C04F79EFBC}") = "Zmanim.Test", "Zmanim.Test\Zmanim.Test.csproj", "{8521285D-4777-4F39-956E-1935C3493310}"
EndProject
Global
	GlobalSection(SolutionConfigurationPlatforms) = preSolution
		Debug|Any CPU = Debug|Any CPU
		Release|Any CPU = Release|Any CPU
	EndGlobalSection
	GlobalSection(ProjectConfigurationPlatforms) = postSolution
		{3840FFED-D11D-4DB9-A584-6AEA852947E1}.Debug|Any CPU.ActiveCfg = Debug|Any CPU
		{3840FFED-D11D-4DB9-A584-6AEA852947E1}.Debug|Any CPU.Build.0 = Debug|Any CPU
		{3840FFED-D11D-4DB9-A584-6AEA852947E1}.Release|Any CPU.ActiveCfg = Release|Any CPU
		{3840FFED-D11D-4DB9-A584-6AEA852947E1}.Release|Any CPU.Build.0 = Release|Any CPU
		{8521285D-4777-4F39-956E-1935C3493310}.Debug|Any CPU.ActiveCfg = Debug|Any CPU
		{8521285D-4777-4F39-956E-1935C3493310}.Debug|Any CPU.Build.0 = Debug|Any CPU
		{8521285D-4777-4F39-956E-1935C3493310}.Release|Any CPU.ActiveCfg = Release|Any CPU
		{8521285D-4777-4F39-956E-1935C3493310}.Release|Any CPU.Build.0 = Release|Any CPU
	EndGlobalSection
	GlobalSection(SolutionProperties) = preSolution
		HideSolutionNode = FALSE
	EndGlobalSection
	GlobalSection(ExtensibilityGlobals) = postSolution
		SolutionGuid = {79BC4B39-51EA-4269-AE59-FC84E09B5188}
	EndGlobalSection
EndGlobal
